
Microsoft Visual Studio Solution File, Format Version 12.00
# Visual Studio Version 17
VisualStudioVersion = 17.0.32112.339
MinimumVisualStudioVersion = 10.0.40219.1
Project("{FAE04EC0-301F-11D3-BF4B-00C04F79EFBC}") = "ExercicioVetoresPOO", "ExercicioVetoresPOO\ExercicioVetoresPOO.csproj", "{134DBD22-B285-42C8-8504-03BB8705393B}"
EndProject
Global
	GlobalSection(SolutionConfigurationPlatforms) = preSolution
		Debug|Any CPU = Debug|Any CPU
		Release|Any CPU = Release|Any CPU
	EndGlobalSection
	GlobalSection(ProjectConfigurationPlatforms) = postSolution
		{134DBD22-B285-42C8-8504-03BB8705393B}.Debug|Any CPU.ActiveCfg = Debug|Any CPU
		{134DBD22-B285-42C8-8504-03BB8705393B}.Debug|Any CPU.Build.0 = Debug|Any CPU
		{134DBD22-B285-42C8-8504-03BB8705393B}.Release|Any CPU.ActiveCfg = Release|Any CPU
		{134DBD22-B285-42C8-8504-03BB8705393B}.Release|Any CPU.Build.0 = Release|Any CPU
	EndGlobalSection
	GlobalSection(SolutionProperties) = preSolution
		HideSolutionNode = FALSE
	EndGlobalSection
	GlobalSection(ExtensibilityGlobals) = postSolution
		SolutionGuid = {C7CE4E57-6931-4AA0-A07D-34466EDA74ED}
	EndGlobalSection
EndGlobal
